
Microsoft Visual Studio Solution File, Format Version 11.00
# Visual Studio 2010
Project("{FAE04EC0-301F-11D3-BF4B-00C04F79EFBC}") = "CompareCFGs", "CompareCFGs\CompareCFGs.csproj", "{7830CD9A-0F73-4A87-A00D-56FD8F2E66F9}"
EndProject
Global
	GlobalSection(SolutionConfigurationPlatforms) = preSolution
		Debug|x86 = Debug|x86
		Release|x86 = Release|x86
	EndGlobalSection
	GlobalSection(ProjectConfigurationPlatforms) = postSolution
		{7830CD9A-0F73-4A87-A00D-56FD8F2E66F9}.Debug|x86.ActiveCfg = Debug|x86
		{7830CD9A-0F73-4A87-A00D-56FD8F2E66F9}.Debug|x86.Build.0 = Debug|x86
		{7830CD9A-0F73-4A87-A00D-56FD8F2E66F9}.Release|x86.ActiveCfg = Release|x86
		{7830CD9A-0F73-4A87-A00D-56FD8F2E66F9}.Release|x86.Build.0 = Release|x86
	EndGlobalSection
	GlobalSection(SolutionProperties) = preSolution
		HideSolutionNode = FALSE
	EndGlobalSection
EndGlobal
